
Microsoft Visual Studio Solution File, Format Version 12.00
# Visual Studio Version 17
VisualStudioVersion = 17.10.35122.118
MinimumVisualStudioVersion = 10.0.40219.1
Project("{9A19103F-16F7-4668-BE54-9A1E7A4F7556}") = "CodeFirst", "CodeFirst\CodeFirst.csproj", "{6B8DF89D-C4A6-4CB6-8B60-8BF132E20B6A}"
EndProject
Project("{9A19103F-16F7-4668-BE54-9A1E7A4F7556}") = "CodeFirstHW", "CodeFirstHW\CodeFirstHW.csproj", "{2176ED32-04BF-4D7F-B518-AB8B84BE2A84}"
EndProject
Project("{FAE04EC0-301F-11D3-BF4B-00C04F79EFBC}") = "ModelFirst", "ModelFirst\ModelFirst.csproj", "{0DDD7D3A-7D75-4DA8-BEF8-5686621F4C5A}"
EndProject
Project("{FAE04EC0-301F-11D3-BF4B-00C04F79EFBC}") = "Data_Annotation_Fluent_API", "Data_Annotation_Fluent_API\Data_Annotation_Fluent_API.csproj", "{9D0089B7-645A-4EF4-8D1A-BC7716EAA241}"
EndProject
Project("{FAE04EC0-301F-11D3-BF4B-00C04F79EFBC}") = "Fluent_API_HW", "Fluent_API_HW\Fluent_API_HW.csproj", "{CC399DC1-FCA0-42FC-A9AE-43D33A5FDA28}"
EndProject
Global
	GlobalSection(SolutionConfigurationPlatforms) = preSolution
		Debug|Any CPU = Debug|Any CPU
		Release|Any CPU = Release|Any CPU
	EndGlobalSection
	GlobalSection(ProjectConfigurationPlatforms) = postSolution
		{6B8DF89D-C4A6-4CB6-8B60-8BF132E20B6A}.Debug|Any CPU.ActiveCfg = Debug|Any CPU
		{6B8DF89D-C4A6-4CB6-8B60-8BF132E20B6A}.Debug|Any CPU.Build.0 = Debug|Any CPU
		{6B8DF89D-C4A6-4CB6-8B60-8BF132E20B6A}.Release|Any CPU.ActiveCfg = Release|Any CPU
		{6B8DF89D-C4A6-4CB6-8B60-8BF132E20B6A}.Release|Any CPU.Build.0 = Release|Any CPU
		{2176ED32-04BF-4D7F-B518-AB8B84BE2A84}.Debug|Any CPU.ActiveCfg = Debug|Any CPU
		{2176ED32-04BF-4D7F-B518-AB8B84BE2A84}.Debug|Any CPU.Build.0 = Debug|Any CPU
		{2176ED32-04BF-4D7F-B518-AB8B84BE2A84}.Release|Any CPU.ActiveCfg = Release|Any CPU
		{2176ED32-04BF-4D7F-B518-AB8B84BE2A84}.Release|Any CPU.Build.0 = Release|Any CPU
		{0DDD7D3A-7D75-4DA8-BEF8-5686621F4C5A}.Debug|Any CPU.ActiveCfg = Debug|Any CPU
		{0DDD7D3A-7D75-4DA8-BEF8-5686621F4C5A}.Debug|Any CPU.Build.0 = Debug|Any CPU
		{0DDD7D3A-7D75-4DA8-BEF8-5686621F4C5A}.Release|Any CPU.ActiveCfg = Release|Any CPU
		{0DDD7D3A-7D75-4DA8-BEF8-5686621F4C5A}.Release|Any CPU.Build.0 = Release|Any CPU
		{9D0089B7-645A-4EF4-8D1A-BC7716EAA241}.Debug|Any CPU.ActiveCfg = Debug|Any CPU
		{9D0089B7-645A-4EF4-8D1A-BC7716EAA241}.Debug|Any CPU.Build.0 = Debug|Any CPU
		{9D0089B7-645A-4EF4-8D1A-BC7716EAA241}.Release|Any CPU.ActiveCfg = Release|Any CPU
		{9D0089B7-645A-4EF4-8D1A-BC7716EAA241}.Release|Any CPU.Build.0 = Release|Any CPU
		{CC399DC1-FCA0-42FC-A9AE-43D33A5FDA28}.Debug|Any CPU.ActiveCfg = Debug|Any CPU
		{CC399DC1-FCA0-42FC-A9AE-43D33A5FDA28}.Debug|Any CPU.Build.0 = Debug|Any CPU
		{CC399DC1-FCA0-42FC-A9AE-43D33A5FDA28}.Release|Any CPU.ActiveCfg = Release|Any CPU
		{CC399DC1-FCA0-42FC-A9AE-43D33A5FDA28}.Release|Any CPU.Build.0 = Release|Any CPU
	EndGlobalSection
	GlobalSection(SolutionProperties) = preSolution
		HideSolutionNode = FALSE
	EndGlobalSection
	GlobalSection(ExtensibilityGlobals) = postSolution
		SolutionGuid = {7CAB7E13-1F71-4E8F-90A9-90DE4251B06D}
	EndGlobalSection
EndGlobal
